lockfileVersion: 5.4

specifiers:
  '@types/node': ^20.2.5
  minimist: ^1.2.8

devDependencies:
  '@types/node': 20.2.5
  minimist: 1.2.8

packages:

  /@types/node/20.2.5:
    resolution: {integrity: sha512-JJulVEQXmiY9Px5axXHeYGLSjhkZEnD+MDPDGbCbIAbMslkKwmygtZFy1X6s/075Yo94sf8GuSlFfPzysQrWZQ==}
    dev: true

  /minimist/1.2.8:
    resolution: {integrity: sha512-2yyAR8qBkN3YuheJanUpWC5U3bb5osDywNB8RzDVlDwDHbocAJveqqj1u8+SVD7jkWT4yvsHCpWqqWqAxb0zCA==}
    dev: true
